
Microsoft Visual Studio Solution File, Format Version 12.00
# Visual Studio 15
VisualStudioVersion = 15.0.28307.2017
MinimumVisualStudioVersion = 10.0.40219.1
Project("{FAE04EC0-301F-11D3-BF4B-00C04F79EFBC}") = "UtilMetaCmd", "UtilMetaCmd\UtilMetaCmd.csproj", "{1FA5CC87-E165-481C-8081-965855AB7782}"
EndProject
Global
	GlobalSection(SolutionConfigurationPlatforms) = preSolution
		Debug|Any CPU = Debug|Any CPU
		Release|Any CPU = Release|Any CPU
	EndGlobalSection
	GlobalSection(ProjectConfigurationPlatforms) = postSolution
		{1FA5CC87-E165-481C-8081-965855AB7782}.Debug|Any CPU.ActiveCfg = Debug|Any CPU
		{1FA5CC87-E165-481C-8081-965855AB7782}.Debug|Any CPU.Build.0 = Debug|Any CPU
		{1FA5CC87-E165-481C-8081-965855AB7782}.Release|Any CPU.ActiveCfg = Release|Any CPU
		{1FA5CC87-E165-481C-8081-965855AB7782}.Release|Any CPU.Build.0 = Release|Any CPU
	EndGlobalSection
	GlobalSection(SolutionProperties) = preSolution
		HideSolutionNode = FALSE
	EndGlobalSection
	GlobalSection(ExtensibilityGlobals) = postSolution
		SolutionGuid = {CE131BF3-81A9-4B1A-8FA1-B0F564F71333}
	EndGlobalSection
EndGlobal
